
Microsoft Visual Studio Solution File, Format Version 12.00
Project("{FAE04EC0-301F-11D3-BF4B-00C04F79EFBC}") = "Core", "Core\Core.csproj", "{22C67B92-F60E-4004-B2C2-000189C91899}"
EndProject
Project("{FAE04EC0-301F-11D3-BF4B-00C04F79EFBC}") = "Api", "Api\Api.csproj", "{4CB1BBC2-B1FE-400E-97C6-3CD2FC0138A3}"
EndProject
Project("{FAE04EC0-301F-11D3-BF4B-00C04F79EFBC}") = "BlazorApp", "BlazorApp\BlazorApp.csproj", "{547A3850-AF5F-445A-8C82-36D21F527ECB}"
EndProject
Global
	GlobalSection(SolutionConfigurationPlatforms) = preSolution
		Debug|Any CPU = Debug|Any CPU
		Release|Any CPU = Release|Any CPU
	EndGlobalSection
	GlobalSection(ProjectConfigurationPlatforms) = postSolution
		{22C67B92-F60E-4004-B2C2-000189C91899}.Debug|Any CPU.ActiveCfg = Debug|Any CPU
		{22C67B92-F60E-4004-B2C2-000189C91899}.Debug|Any CPU.Build.0 = Debug|Any CPU
		{22C67B92-F60E-4004-B2C2-000189C91899}.Release|Any CPU.ActiveCfg = Release|Any CPU
		{22C67B92-F60E-4004-B2C2-000189C91899}.Release|Any CPU.Build.0 = Release|Any CPU
		{4CB1BBC2-B1FE-400E-97C6-3CD2FC0138A3}.Debug|Any CPU.ActiveCfg = Debug|Any CPU
		{4CB1BBC2-B1FE-400E-97C6-3CD2FC0138A3}.Debug|Any CPU.Build.0 = Debug|Any CPU
		{4CB1BBC2-B1FE-400E-97C6-3CD2FC0138A3}.Release|Any CPU.ActiveCfg = Release|Any CPU
		{4CB1BBC2-B1FE-400E-97C6-3CD2FC0138A3}.Release|Any CPU.Build.0 = Release|Any CPU
		{547A3850-AF5F-445A-8C82-36D21F527ECB}.Debug|Any CPU.ActiveCfg = Debug|Any CPU
		{547A3850-AF5F-445A-8C82-36D21F527ECB}.Debug|Any CPU.Build.0 = Debug|Any CPU
		{547A3850-AF5F-445A-8C82-36D21F527ECB}.Release|Any CPU.ActiveCfg = Release|Any CPU
		{547A3850-AF5F-445A-8C82-36D21F527ECB}.Release|Any CPU.Build.0 = Release|Any CPU
	EndGlobalSection
EndGlobal
